
Microsoft Visual Studio Solution File, Format Version 12.00
# Visual Studio 15
VisualStudioVersion = 15.0.28307.1758
MinimumVisualStudioVersion = 10.0.40219.1
Project("{FAE04EC0-301F-11D3-BF4B-00C04F79EFBC}") = "Info_G7", "Info_G7\Info_G7.csproj", "{82F121DE-2EAE-44B3-B3A8-B3097E79647E}"
EndProject
Project("{FAE04EC0-301F-11D3-BF4B-00C04F79EFBC}") = "UnitTestProject", "UnitTestProject\UnitTestProject.csproj", "{8D25831F-C424-44AC-97C9-57085F5F62CC}"
EndProject
Project("{FAE04EC0-301F-11D3-BF4B-00C04F79EFBC}") = "SeleniumProject", "SeleniumProject\SeleniumProject.csproj", "{E1849E7D-BF7F-47E7-9EF0-6379BDEA1018}"
EndProject
Project("{FAE04EC0-301F-11D3-BF4B-00C04F79EFBC}") = "BDD", "BDD\BDD.csproj", "{F8001F97-3168-4502-A4B7-8F7E11FF3862}"
EndProject
Global
	GlobalSection(SolutionConfigurationPlatforms) = preSolution
		Debug|Any CPU = Debug|Any CPU
		Release|Any CPU = Release|Any CPU
	EndGlobalSection
	GlobalSection(ProjectConfigurationPlatforms) = postSolution
		{82F121DE-2EAE-44B3-B3A8-B3097E79647E}.Debug|Any CPU.ActiveCfg = Debug|Any CPU
		{82F121DE-2EAE-44B3-B3A8-B3097E79647E}.Debug|Any CPU.Build.0 = Debug|Any CPU
		{82F121DE-2EAE-44B3-B3A8-B3097E79647E}.Release|Any CPU.ActiveCfg = Release|Any CPU
		{82F121DE-2EAE-44B3-B3A8-B3097E79647E}.Release|Any CPU.Build.0 = Release|Any CPU
		{8D25831F-C424-44AC-97C9-57085F5F62CC}.Debug|Any CPU.ActiveCfg = Debug|Any CPU
		{8D25831F-C424-44AC-97C9-57085F5F62CC}.Debug|Any CPU.Build.0 = Debug|Any CPU
		{8D25831F-C424-44AC-97C9-57085F5F62CC}.Release|Any CPU.ActiveCfg = Release|Any CPU
		{8D25831F-C424-44AC-97C9-57085F5F62CC}.Release|Any CPU.Build.0 = Release|Any CPU
		{E1849E7D-BF7F-47E7-9EF0-6379BDEA1018}.Debug|Any CPU.ActiveCfg = Debug|Any CPU
		{E1849E7D-BF7F-47E7-9EF0-6379BDEA1018}.Debug|Any CPU.Build.0 = Debug|Any CPU
		{E1849E7D-BF7F-47E7-9EF0-6379BDEA1018}.Release|Any CPU.ActiveCfg = Release|Any CPU
		{E1849E7D-BF7F-47E7-9EF0-6379BDEA1018}.Release|Any CPU.Build.0 = Release|Any CPU
		{F8001F97-3168-4502-A4B7-8F7E11FF3862}.Debug|Any CPU.ActiveCfg = Debug|Any CPU
		{F8001F97-3168-4502-A4B7-8F7E11FF3862}.Debug|Any CPU.Build.0 = Debug|Any CPU
		{F8001F97-3168-4502-A4B7-8F7E11FF3862}.Release|Any CPU.ActiveCfg = Release|Any CPU
		{F8001F97-3168-4502-A4B7-8F7E11FF3862}.Release|Any CPU.Build.0 = Release|Any CPU
	EndGlobalSection
	GlobalSection(SolutionProperties) = preSolution
		HideSolutionNode = FALSE
	EndGlobalSection
	GlobalSection(ExtensibilityGlobals) = postSolution
		SolutionGuid = {64F8BAE3-DA4D-42FE-8688-1A79CA896231}
	EndGlobalSection
EndGlobal
